// !$*UTF8*$!
{
	archiveVersion = 1;
	classes = {
	};
	objectVersion = 46;
	objects = {

/* Begin PBXBuildFile section */
		75EC19C9F1BE47C9B32E3EAD /* Pods_Gym_Tracker.framework in Frameworks */ = {isa = PBXBuildFile; fileRef = C6012F7CF0B74F8FCC5862B8 /* Pods_Gym_Tracker.framework */; };
		7A0F8FBC1E450D0300D172E5 /* ExorciseTableViewCell.swift in Sources */ = {isa = PBXBuildFile; fileRef = 7A0F8FBB1E450D0300D172E5 /* ExorciseTableViewCell.swift */; };
		7A1062DA1E15498B009DAE08 /* CoreData.framework in Frameworks */ = {isa = PBXBuildFile; fileRef = 7A1062D91E15498B009DAE08 /* CoreData.framework */; };
		7A1062DE1E154C65009DAE08 /* CoreDataModel.xcdatamodeld in Sources */ = {isa = PBXBuildFile; fileRef = 7A1062DC1E154C65009DAE08 /* CoreDataModel.xcdatamodeld */; };
		7A1145E01E6E0A6300EC6CBD /* UIView+KeybordHandling.swift in Sources */ = {isa = PBXBuildFile; fileRef = 7A1145DF1E6E0A6300EC6CBD /* UIView+KeybordHandling.swift */; };
		7A39446A1E6A04A8000942D8 /* WeightConverter.swift in Sources */ = {isa = PBXBuildFile; fileRef = 7A3944691E6A04A8000942D8 /* WeightConverter.swift */; };
		7A39446E1E6B478E000942D8 /* SessionManager.swift in Sources */ = {isa = PBXBuildFile; fileRef = 7A39446D1E6B478E000942D8 /* SessionManager.swift */; };
		7A3944711E6C2364000942D8 /* AddWorkoutTableViewCell.swift in Sources */ = {isa = PBXBuildFile; fileRef = 7A39446F1E6C2364000942D8 /* AddWorkoutTableViewCell.swift */; };
		7A3944721E6C2364000942D8 /* AddWorkoutTableViewCell.xib in Resources */ = {isa = PBXBuildFile; fileRef = 7A3944701E6C2364000942D8 /* AddWorkoutTableViewCell.xib */; };
		7A8B4C8A1E086D8E0002E37E /* AppDelegate.swift in Sources */ = {isa = PBXBuildFile; fileRef = 7A8B4C891E086D8E0002E37E /* AppDelegate.swift */; };
		7A8B4C8F1E086D8E0002E37E /* Main.storyboard in Resources */ = {isa = PBXBuildFile; fileRef = 7A8B4C8D1E086D8E0002E37E /* Main.storyboard */; };
		7A8B4C911E086D8E0002E37E /* Assets.xcassets in Resources */ = {isa = PBXBuildFile; fileRef = 7A8B4C901E086D8E0002E37E /* Assets.xcassets */; };
		7A8B4C941E086D8E0002E37E /* LaunchScreen.storyboard in Resources */ = {isa = PBXBuildFile; fileRef = 7A8B4C921E086D8E0002E37E /* LaunchScreen.storyboard */; };
		7A8B4CB01E0888D20002E37E /* WorkoutTableViewController.swift in Sources */ = {isa = PBXBuildFile; fileRef = 7A8B4CAF1E0888D20002E37E /* WorkoutTableViewController.swift */; };
		7A8B4CB21E0888F40002E37E /* WorkoutTableViewCell.swift in Sources */ = {isa = PBXBuildFile; fileRef = 7A8B4CB11E0888F40002E37E /* WorkoutTableViewCell.swift */; };
		7A8B4CB41E088FC50002E37E /* HistoryTableViewController.swift in Sources */ = {isa = PBXBuildFile; fileRef = 7A8B4CB31E088FC50002E37E /* HistoryTableViewController.swift */; };
		7A8B4CB81E0896D70002E37E /* HistoryTabBarController.swift in Sources */ = {isa = PBXBuildFile; fileRef = 7A8B4CB71E0896D70002E37E /* HistoryTabBarController.swift */; };
		7A8B4CBC1E08998E0002E37E /* HistoryExorciseTableViewCell.swift in Sources */ = {isa = PBXBuildFile; fileRef = 7A8B4CBB1E08998E0002E37E /* HistoryExorciseTableViewCell.swift */; };
		7A8B4CC21E08A28B0002E37E /* HistoryChartViewController.swift in Sources */ = {isa = PBXBuildFile; fileRef = 7A8B4CC11E08A28B0002E37E /* HistoryChartViewController.swift */; };
		7A9E31DC1E2B8B5B004ECF70 /* SettingsTableViewController.swift in Sources */ = {isa = PBXBuildFile; fileRef = 7A9E31DB1E2B8B5B004ECF70 /* SettingsTableViewController.swift */; };
		7A9E320B1E2CE15C004ECF70 /* HistoryTableViewCell.swift in Sources */ = {isa = PBXBuildFile; fileRef = 7A9E320A1E2CE15C004ECF70 /* HistoryTableViewCell.swift */; };
		7A9FCDC11E747970007BB941 /* MainHistoryViewController.swift in Sources */ = {isa = PBXBuildFile; fileRef = 7A9FCDC01E747970007BB941 /* MainHistoryViewController.swift */; };
		7A9FCDC31E748D47007BB941 /* HistoryUserTableViewCell.swift in Sources */ = {isa = PBXBuildFile; fileRef = 7A9FCDC21E748D47007BB941 /* HistoryUserTableViewCell.swift */; };
		7A9FCDC81E749F65007BB941 /* HistoryTableViewHeader.swift in Sources */ = {isa = PBXBuildFile; fileRef = 7A9FCDC61E749F65007BB941 /* HistoryTableViewHeader.swift */; };
		7A9FCDC91E749F65007BB941 /* HistoryTableViewHeader.xib in Resources */ = {isa = PBXBuildFile; fileRef = 7A9FCDC71E749F65007BB941 /* HistoryTableViewHeader.xib */; };
		7A9FCDCB1E74AD2B007BB941 /* DateFormatterUtil.swift in Sources */ = {isa = PBXBuildFile; fileRef = 7A9FCDCA1E74AD2B007BB941 /* DateFormatterUtil.swift */; };
		7AAC46551E77230A00208FD8 /* SettingsTableViewCell.swift in Sources */ = {isa = PBXBuildFile; fileRef = 7AAC46541E77230A00208FD8 /* SettingsTableViewCell.swift */; };
		7AC2020F1E3B4F8C00876A9C /* Persistence.swift in Sources */ = {isa = PBXBuildFile; fileRef = 7AC2020E1E3B4F8C00876A9C /* Persistence.swift */; };
		7AC202121E3B526B00876A9C /* RecentWorkouts.storyboard in Resources */ = {isa = PBXBuildFile; fileRef = 7AC202101E3B526B00876A9C /* RecentWorkouts.storyboard */; };
		7AC202151E3B529400876A9C /* History.storyboard in Resources */ = {isa = PBXBuildFile; fileRef = 7AC202131E3B529400876A9C /* History.storyboard */; };
		7AC202171E3B52AD00876A9C /* Settings.storyboard in Resources */ = {isa = PBXBuildFile; fileRef = 7AC202161E3B52AD00876A9C /* Settings.storyboard */; };
		7AC2021C1E3F685B00876A9C /* AddWorkoutViewController.swift in Sources */ = {isa = PBXBuildFile; fileRef = 7AC2021B1E3F685B00876A9C /* AddWorkoutViewController.swift */; };
		7AE5FDC91E62B80200D6F6D6 /* UserProvider.swift in Sources */ = {isa = PBXBuildFile; fileRef = 7AE5FDC81E62B80200D6F6D6 /* UserProvider.swift */; };
		7AE5FDCB1E62C1AF00D6F6D6 /* SessionProvider.swift in Sources */ = {isa = PBXBuildFile; fileRef = 7AE5FDCA1E62C1AF00D6F6D6 /* SessionProvider.swift */; };
		7AE5FDCD1E62C1C300D6F6D6 /* TakeProvider.swift in Sources */ = {isa = PBXBuildFile; fileRef = 7AE5FDCC1E62C1C300D6F6D6 /* TakeProvider.swift */; };
		7AE5FDCF1E62C1DD00D6F6D6 /* ExorciseProvider.swift in Sources */ = {isa = PBXBuildFile; fileRef = 7AE5FDCE1E62C1DD00D6F6D6 /* ExorciseProvider.swift */; };
		7AE5FDD41E63972A00D6F6D6 /* Take+Comparable.swift in Sources */ = {isa = PBXBuildFile; fileRef = 7AE5FDD31E63972A00D6F6D6 /* Take+Comparable.swift */; };
		7AE5FDD81E64B55F00D6F6D6 /* AlertUtil.swift in Sources */ = {isa = PBXBuildFile; fileRef = 7AE5FDD71E64B55F00D6F6D6 /* AlertUtil.swift */; };
		7AE66AE21E2B6AAC00FF458A /* LocalStorageManager.swift in Sources */ = {isa = PBXBuildFile; fileRef = 7AE66AE11E2B6AAC00FF458A /* LocalStorageManager.swift */; };
		7AE66AE41E2B6FF500FF458A /* LaunchscreenViewController.swift in Sources */ = {isa = PBXBuildFile; fileRef = 7AE66AE31E2B6FF500FF458A /* LaunchscreenViewController.swift */; };
		7AE66AE91E2B79B500FF458A /* SimpleWorkoutTableViewCell.swift in Sources */ = {isa = PBXBuildFile; fileRef = 7AE66AE81E2B79B500FF458A /* SimpleWorkoutTableViewCell.swift */; };
/* End PBXBuildFile section */

/* Begin PBXFileReference section */
		47A562DDDB5380A5CB1F3306 /* Pods-Gym Tracker.debug.xcconfig */ = {isa = PBXFileReference; includeInIndex = 1; lastKnownFileType = text.xcconfig; name = "Pods-Gym Tracker.debug.xcconfig"; path = "Pods/Target Support Files/Pods-Gym Tracker/Pods-Gym Tracker.debug.xcconfig"; sourceTree = "<group>"; };
		7A0F8FBB1E450D0300D172E5 /* ExorciseTableViewCell.swift */ = {isa = PBXFileReference; fileEncoding = 4; lastKnownFileType = sourcecode.swift; name = ExorciseTableViewCell.swift; path = Views/ExorciseTableViewCell.swift; sourceTree = "<group>"; };
		7A1062D91E15498B009DAE08 /* CoreData.framework */ = {isa = PBXFileReference; lastKnownFileType = wrapper.framework; name = CoreData.framework; path = System/Library/Frameworks/CoreData.framework; sourceTree = SDKROOT; };
		7A1062DD1E154C65009DAE08 /* CoreDataModel.xcdatamodel */ = {isa = PBXFileReference; lastKnownFileType = wrapper.xcdatamodel; path = CoreDataModel.xcdatamodel; sourceTree = "<group>"; };
		7A1145DF1E6E0A6300EC6CBD /* UIView+KeybordHandling.swift */ = {isa = PBXFileReference; fileEncoding = 4; lastKnownFileType = sourcecode.swift; name = "UIView+KeybordHandling.swift"; path = "Extensions/UIView+KeybordHandling.swift"; sourceTree = "<group>"; };
		7A3944691E6A04A8000942D8 /* WeightConverter.swift */ = {isa = PBXFileReference; fileEncoding = 4; lastKnownFileType = sourcecode.swift; name = WeightConverter.swift; path = Models/WeightConverter.swift; sourceTree = "<group>"; };
		7A39446D1E6B478E000942D8 /* SessionManager.swift */ = {isa = PBXFileReference; fileEncoding = 4; lastKnownFileType = sourcecode.swift; name = SessionManager.swift; path = Models/SessionManager.swift; sourceTree = "<group>"; };
		7A39446F1E6C2364000942D8 /* AddWorkoutTableViewCell.swift */ = {isa = PBXFileReference; fileEncoding = 4; lastKnownFileType = sourcecode.swift; name = AddWorkoutTableViewCell.swift; path = Views/AddWorkoutTableViewCell.swift; sourceTree = "<group>"; };
		7A3944701E6C2364000942D8 /* AddWorkoutTableViewCell.xib */ = {isa = PBXFileReference; fileEncoding = 4; lastKnownFileType = file.xib; name = AddWorkoutTableViewCell.xib; path = Views/AddWorkoutTableViewCell.xib; sourceTree = "<group>"; };
		7A8B4C861E086D8E0002E37E /* Gym Tracker.app */ = {isa = PBXFileReference; explicitFileType = wrapper.application; includeInIndex = 0; path = "Gym Tracker.app"; sourceTree = BUILT_PRODUCTS_DIR; };
		7A8B4C891E086D8E0002E37E /* AppDelegate.swift */ = {isa = PBXFileReference; lastKnownFileType = sourcecode.swift; path = AppDelegate.swift; sourceTree = "<group>"; };
		7A8B4C8E1E086D8E0002E37E /* Base */ = {isa = PBXFileReference; lastKnownFileType = file.storyboard; name = Base; path = Base.lproj/Main.storyboard; sourceTree = "<group>"; };
		7A8B4C901E086D8E0002E37E /* Assets.xcassets */ = {isa = PBXFileReference; lastKnownFileType = folder.assetcatalog; path = Assets.xcassets; sourceTree = "<group>"; };
		7A8B4C931E086D8E0002E37E /* Base */ = {isa = PBXFileReference; lastKnownFileType = file.storyboard; name = Base; path = Base.lproj/LaunchScreen.storyboard; sourceTree = "<group>"; };
		7A8B4C951E086D8E0002E37E /* Info.plist */ = {isa = PBXFileReference; lastKnownFileType = text.plist.xml; path = Info.plist; sourceTree = "<group>"; };
		7A8B4CAF1E0888D20002E37E /* WorkoutTableViewController.swift */ = {isa = PBXFileReference; fileEncoding = 4; lastKnownFileType = sourcecode.swift; name = WorkoutTableViewController.swift; path = ViewControllers/WorkoutTableViewController.swift; sourceTree = "<group>"; };
		7A8B4CB11E0888F40002E37E /* WorkoutTableViewCell.swift */ = {isa = PBXFileReference; fileEncoding = 4; lastKnownFileType = sourcecode.swift; name = WorkoutTableViewCell.swift; path = Views/WorkoutTableViewCell.swift; sourceTree = "<group>"; };
		7A8B4CB31E088FC50002E37E /* HistoryTableViewController.swift */ = {isa = PBXFileReference; fileEncoding = 4; lastKnownFileType = sourcecode.swift; name = HistoryTableViewController.swift; path = ViewControllers/HistoryTableViewController.swift; sourceTree = "<group>"; };
		7A8B4CB71E0896D70002E37E /* HistoryTabBarController.swift */ = {isa = PBXFileReference; fileEncoding = 4; lastKnownFileType = sourcecode.swift; name = HistoryTabBarController.swift; path = ViewControllers/HistoryTabBarController.swift; sourceTree = "<group>"; };
		7A8B4CBB1E08998E0002E37E /* HistoryExorciseTableViewCell.swift */ = {isa = PBXFileReference; fileEncoding = 4; lastKnownFileType = sourcecode.swift; name = HistoryExorciseTableViewCell.swift; path = Views/HistoryExorciseTableViewCell.swift; sourceTree = "<group>"; };
		7A8B4CC11E08A28B0002E37E /* HistoryChartViewController.swift */ = {isa = PBXFileReference; fileEncoding = 4; lastKnownFileType = sourcecode.swift; name = HistoryChartViewController.swift; path = ViewControllers/HistoryChartViewController.swift; sourceTree = "<group>"; };
		7A9E31DB1E2B8B5B004ECF70 /* SettingsTableViewController.swift */ = {isa = PBXFileReference; fileEncoding = 4; lastKnownFileType = sourcecode.swift; name = SettingsTableViewController.swift; path = ViewControllers/SettingsTableViewController.swift; sourceTree = "<group>"; };
		7A9E320A1E2CE15C004ECF70 /* HistoryTableViewCell.swift */ = {isa = PBXFileReference; fileEncoding = 4; lastKnownFileType = sourcecode.swift; name = HistoryTableViewCell.swift; path = Views/HistoryTableViewCell.swift; sourceTree = "<group>"; };
		7A9FCDC01E747970007BB941 /* MainHistoryViewController.swift */ = {isa = PBXFileReference; fileEncoding = 4; lastKnownFileType = sourcecode.swift; name = MainHistoryViewController.swift; path = ViewControllers/MainHistoryViewController.swift; sourceTree = "<group>"; };
		7A9FCDC21E748D47007BB941 /* HistoryUserTableViewCell.swift */ = {isa = PBXFileReference; fileEncoding = 4; lastKnownFileType = sourcecode.swift; name = HistoryUserTableViewCell.swift; path = Views/HistoryUserTableViewCell.swift; sourceTree = "<group>"; };
		7A9FCDC61E749F65007BB941 /* HistoryTableViewHeader.swift */ = {isa = PBXFileReference; fileEncoding = 4; lastKnownFileType = sourcecode.swift; name = HistoryTableViewHeader.swift; path = Views/HistoryTableViewHeader.swift; sourceTree = "<group>"; };
		7A9FCDC71E749F65007BB941 /* HistoryTableViewHeader.xib */ = {isa = PBXFileReference; fileEncoding = 4; lastKnownFileType = file.xib; name = HistoryTableViewHeader.xib; path = Views/HistoryTableViewHeader.xib; sourceTree = "<group>"; };
		7A9FCDCA1E74AD2B007BB941 /* DateFormatterUtil.swift */ = {isa = PBXFileReference; fileEncoding = 4; lastKnownFileType = sourcecode.swift; name = DateFormatterUtil.swift; path = Services/DateFormatterUtil.swift; sourceTree = "<group>"; };
		7AAC46541E77230A00208FD8 /* SettingsTableViewCell.swift */ = {isa = PBXFileReference; fileEncoding = 4; lastKnownFileType = sourcecode.swift; name = SettingsTableViewCell.swift; path = Views/SettingsTableViewCell.swift; sourceTree = "<group>"; };
		7AC2020E1E3B4F8C00876A9C /* Persistence.swift */ = {isa = PBXFileReference; fileEncoding = 4; lastKnownFileType = sourcecode.swift; name = Persistence.swift; path = CoreData/Services/Persistence.swift; sourceTree = "<group>"; };
		7AC202111E3B526B00876A9C /* Base */ = {isa = PBXFileReference; lastKnownFileType = file.storyboard; name = Base; path = Base.lproj/RecentWorkouts.storyboard; sourceTree = "<group>"; };
		7AC202141E3B529400876A9C /* Base */ = {isa = PBXFileReference; lastKnownFileType = file.storyboard; name = Base; path = Base.lproj/History.storyboard; sourceTree = "<group>"; };
		7AC202161E3B52AD00876A9C /* Settings.storyboard */ = {isa = PBXFileReference; fileEncoding = 4; lastKnownFileType = file.storyboard; path = Settings.storyboard; sourceTree = "<group>"; };
		7AC2021B1E3F685B00876A9C /* AddWorkoutViewController.swift */ = {isa = PBXFileReference; fileEncoding = 4; lastKnownFileType = sourcecode.swift; name = AddWorkoutViewController.swift; path = ViewControllers/AddWorkoutViewController.swift; sourceTree = "<group>"; };
		7AE5FDC81E62B80200D6F6D6 /* UserProvider.swift */ = {isa = PBXFileReference; fileEncoding = 4; lastKnownFileType = sourcecode.swift; name = UserProvider.swift; path = CoreData/UserProvider.swift; sourceTree = "<group>"; };
		7AE5FDCA1E62C1AF00D6F6D6 /* SessionProvider.swift */ = {isa = PBXFileReference; fileEncoding = 4; lastKnownFileType = sourcecode.swift; name = SessionProvider.swift; path = CoreData/SessionProvider.swift; sourceTree = "<group>"; };
		7AE5FDCC1E62C1C300D6F6D6 /* TakeProvider.swift */ = {isa = PBXFileReference; fileEncoding = 4; lastKnownFileType = sourcecode.swift; name = TakeProvider.swift; path = CoreData/TakeProvider.swift; sourceTree = "<group>"; };
		7AE5FDCE1E62C1DD00D6F6D6 /* ExorciseProvider.swift */ = {isa = PBXFileReference; fileEncoding = 4; lastKnownFileType = sourcecode.swift; name = ExorciseProvider.swift; path = CoreData/ExorciseProvider.swift; sourceTree = "<group>"; };
		7AE5FDD31E63972A00D6F6D6 /* Take+Comparable.swift */ = {isa = PBXFileReference; fileEncoding = 4; lastKnownFileType = sourcecode.swift; name = "Take+Comparable.swift"; path = "CoreData/Extensions/Take+Comparable.swift"; sourceTree = "<group>"; };
		7AE5FDD71E64B55F00D6F6D6 /* AlertUtil.swift */ = {isa = PBXFileReference; fileEncoding = 4; lastKnownFileType = sourcecode.swift; name = AlertUtil.swift; path = Services/AlertUtil.swift; sourceTree = "<group>"; };
		7AE66AE11E2B6AAC00FF458A /* LocalStorageManager.swift */ = {isa = PBXFileReference; fileEncoding = 4; lastKnownFileType = sourcecode.swift; name = LocalStorageManager.swift; path = CoreData/Services/LocalStorageManager.swift; sourceTree = "<group>"; };
		7AE66AE31E2B6FF500FF458A /* LaunchscreenViewController.swift */ = {isa = PBXFileReference; fileEncoding = 4; lastKnownFileType = sourcecode.swift; name = LaunchscreenViewController.swift; path = ViewControllers/LaunchscreenViewController.swift; sourceTree = "<group>"; };
		7AE66AE81E2B79B500FF458A /* SimpleWorkoutTableViewCell.swift */ = {isa = PBXFileReference; fileEncoding = 4; lastKnownFileType = sourcecode.swift; name = SimpleWorkoutTableViewCell.swift; path = Views/SimpleWorkoutTableViewCell.swift; sourceTree = "<group>"; };
		B220F520ACE816BE898A6B1E /* Pods-Gym Tracker.release.xcconfig */ = {isa = PBXFileReference; includeInIndex = 1; lastKnownFileType = text.xcconfig; name = "Pods-Gym Tracker.release.xcconfig"; path = "Pods/Target Support Files/Pods-Gym Tracker/Pods-Gym Tracker.release.xcconfig"; sourceTree = "<group>"; };
		C6012F7CF0B74F8FCC5862B8 /* Pods_Gym_Tracker.framework */ = {isa = PBXFileReference; explicitFileType = wrapper.framework; includeInIndex = 0; path = Pods_Gym_Tracker.framework; sourceTree = BUILT_PRODUCTS_DIR; };
/* End PBXFileReference section */

/* Begin PBXFrameworksBuildPhase section */
		7A8B4C831E086D8E0002E37E /* Frameworks */ = {
			isa = PBXFrameworksBuildPhase;
			buildActionMask = 2147483647;
			files = (
				7A1062DA1E15498B009DAE08 /* CoreData.framework in Frameworks */,
				75EC19C9F1BE47C9B32E3EAD /* Pods_Gym_Tracker.framework in Frameworks */,
			);
			runOnlyForDeploymentPostprocessing = 0;
		};
/* End PBXFrameworksBuildPhase section */

/* Begin PBXGroup section */
		7A1062D81E15498B009DAE08 /* Frameworks */ = {
			isa = PBXGroup;
			children = (
				7A1062D91E15498B009DAE08 /* CoreData.framework */,
				C6012F7CF0B74F8FCC5862B8 /* Pods_Gym_Tracker.framework */,
			);
			name = Frameworks;
			sourceTree = "<group>";
		};
		7A1062DB1E154C31009DAE08 /* CoreData */ = {
			isa = PBXGroup;
			children = (
				7AE66AE01E2B6A6C00FF458A /* Services */,
				7A1062DC1E154C65009DAE08 /* CoreDataModel.xcdatamodeld */,
				7AE5FDD51E6397C700D6F6D6 /* Extensions */,
			);
			name = CoreData;
			sourceTree = "<group>";
		};
		7A1062E21E155021009DAE08 /* Adapters */ = {
			isa = PBXGroup;
			children = (
			);
			name = Adapters;
			sourceTree = "<group>";
		};
		7A1062ED1E15555F009DAE08 /* Assest */ = {
			isa = PBXGroup;
			children = (
				7A8B4C901E086D8E0002E37E /* Assets.xcassets */,
			);
			name = Assest;
			sourceTree = "<group>";
		};
		7A8B4C7D1E086D8E0002E37E = {
			isa = PBXGroup;
			children = (
				7A8B4C881E086D8E0002E37E /* Gym Tracker */,
				7A8B4C871E086D8E0002E37E /* Products */,
				7A1062D81E15498B009DAE08 /* Frameworks */,
				BF377EB9A69F1A98D7AE5C25 /* Pods */,
			);
			sourceTree = "<group>";
		};
		7A8B4C871E086D8E0002E37E /* Products */ = {
			isa = PBXGroup;
			children = (
				7A8B4C861E086D8E0002E37E /* Gym Tracker.app */,
			);
			name = Products;
			sourceTree = "<group>";
		};
		7A8B4C881E086D8E0002E37E /* Gym Tracker */ = {
			isa = PBXGroup;
			children = (
				7AE5FDD61E64B54200D6F6D6 /* Services */,
				7AC202181E3F664D00876A9C /* Protocols */,
				7AE66AE51E2B752500FF458A /* Models */,
				7A1062DB1E154C31009DAE08 /* CoreData */,
				7A8B4C9C1E0871890002E37E /* Views */,
				7A8B4C9B1E08710D0002E37E /* ViewControllers */,
				7A8B4C891E086D8E0002E37E /* AppDelegate.swift */,
				7A9E320C1E2CE5C2004ECF70 /* Storyboards */,
				7A1062ED1E15555F009DAE08 /* Assest */,
				7A8B4C951E086D8E0002E37E /* Info.plist */,
				7A1062E21E155021009DAE08 /* Adapters */,
			);
			path = "Gym Tracker";
			sourceTree = "<group>";
		};
		7A8B4C9B1E08710D0002E37E /* ViewControllers */ = {
			isa = PBXGroup;
			children = (
				7A8B4CAF1E0888D20002E37E /* WorkoutTableViewController.swift */,
				7A9FCDC01E747970007BB941 /* MainHistoryViewController.swift */,
				7A8B4CB31E088FC50002E37E /* HistoryTableViewController.swift */,
				7A8B4CB71E0896D70002E37E /* HistoryTabBarController.swift */,
				7A8B4CC11E08A28B0002E37E /* HistoryChartViewController.swift */,
				7AE66AE31E2B6FF500FF458A /* LaunchscreenViewController.swift */,
				7A9E31DB1E2B8B5B004ECF70 /* SettingsTableViewController.swift */,
				7AC2021B1E3F685B00876A9C /* AddWorkoutViewController.swift */,
			);
			name = ViewControllers;
			sourceTree = "<group>";
		};
		7A8B4C9C1E0871890002E37E /* Views */ = {
			isa = PBXGroup;
			children = (
				7AE66AE81E2B79B500FF458A /* SimpleWorkoutTableViewCell.swift */,
				7A0F8FBB1E450D0300D172E5 /* ExorciseTableViewCell.swift */,
				7A8B4CB11E0888F40002E37E /* WorkoutTableViewCell.swift */,
				7A8B4CBB1E08998E0002E37E /* HistoryExorciseTableViewCell.swift */,
				7A9E320A1E2CE15C004ECF70 /* HistoryTableViewCell.swift */,
				7A39446F1E6C2364000942D8 /* AddWorkoutTableViewCell.swift */,
				7A3944701E6C2364000942D8 /* AddWorkoutTableViewCell.xib */,
				7A9FCDC21E748D47007BB941 /* HistoryUserTableViewCell.swift */,
				7A9FCDC61E749F65007BB941 /* HistoryTableViewHeader.swift */,
				7A9FCDC71E749F65007BB941 /* HistoryTableViewHeader.xib */,
				7AAC46541E77230A00208FD8 /* SettingsTableViewCell.swift */,
			);
			name = Views;
			sourceTree = "<group>";
		};
		7A9E320C1E2CE5C2004ECF70 /* Storyboards */ = {
			isa = PBXGroup;
			children = (
				7A8B4C921E086D8E0002E37E /* LaunchScreen.storyboard */,
				7A8B4C8D1E086D8E0002E37E /* Main.storyboard */,
				7AC202161E3B52AD00876A9C /* Settings.storyboard */,
				7AC202131E3B529400876A9C /* History.storyboard */,
				7AC202101E3B526B00876A9C /* RecentWorkouts.storyboard */,
			);
			name = Storyboards;
			sourceTree = "<group>";
		};
		7AC202181E3F664D00876A9C /* Protocols */ = {
			isa = PBXGroup;
			children = (
			);
			name = Protocols;
			sourceTree = "<group>";
		};
		7AE5FDD01E62C1E800D6F6D6 /* Providers */ = {
			isa = PBXGroup;
			children = (
				7AE5FDC81E62B80200D6F6D6 /* UserProvider.swift */,
				7AE5FDCA1E62C1AF00D6F6D6 /* SessionProvider.swift */,
				7AE5FDCE1E62C1DD00D6F6D6 /* ExorciseProvider.swift */,
				7AE5FDCC1E62C1C300D6F6D6 /* TakeProvider.swift */,
			);
			name = Providers;
			sourceTree = "<group>";
		};
		7AE5FDD51E6397C700D6F6D6 /* Extensions */ = {
			isa = PBXGroup;
			children = (
				7AE5FDD31E63972A00D6F6D6 /* Take+Comparable.swift */,
				7A1145DF1E6E0A6300EC6CBD /* UIView+KeybordHandling.swift */,
			);
			name = Extensions;
			sourceTree = "<group>";
		};
		7AE5FDD61E64B54200D6F6D6 /* Services */ = {
			isa = PBXGroup;
			children = (
				7AE5FDD71E64B55F00D6F6D6 /* AlertUtil.swift */,
				7A9FCDCA1E74AD2B007BB941 /* DateFormatterUtil.swift */,
			);
			name = Services;
			sourceTree = "<group>";
		};
		7AE66AE01E2B6A6C00FF458A /* Services */ = {
			isa = PBXGroup;
			children = (
				7AE66AE11E2B6AAC00FF458A /* LocalStorageManager.swift */,
				7AC2020E1E3B4F8C00876A9C /* Persistence.swift */,
				7AE5FDD01E62C1E800D6F6D6 /* Providers */,
			);
			name = Services;
			sourceTree = "<group>";
		};
		7AE66AE51E2B752500FF458A /* Models */ = {
			isa = PBXGroup;
			children = (
				7A3944691E6A04A8000942D8 /* WeightConverter.swift */,
				7A39446D1E6B478E000942D8 /* SessionManager.swift */,
			);
			name = Models;
			sourceTree = "<group>";
		};
		BF377EB9A69F1A98D7AE5C25 /* Pods */ = {
			isa = PBXGroup;
			children = (
				47A562DDDB5380A5CB1F3306 /* Pods-Gym Tracker.debug.xcconfig */,
				B220F520ACE816BE898A6B1E /* Pods-Gym Tracker.release.xcconfig */,
			);
			name = Pods;
			sourceTree = "<group>";
		};
/* End PBXGroup section */

/* Begin PBXNativeTarget section */
		7A8B4C851E086D8E0002E37E /* Gym Tracker */ = {
			isa = PBXNativeTarget;
			buildConfigurationList = 7A8B4C981E086D8E0002E37E /* Build configuration list for PBXNativeTarget "Gym Tracker" */;
			buildPhases = (
				D828BFE6BE553D5D55314D47 /* [CP] Check Pods Manifest.lock */,
				7A8B4C821E086D8E0002E37E /* Sources */,
				7A8B4C831E086D8E0002E37E /* Frameworks */,
				7A8B4C841E086D8E0002E37E /* Resources */,
				293751BD4B23DFCAE542E17B /* [CP] Embed Pods Frameworks */,
				8091EC13478830199812E40A /* [CP] Copy Pods Resources */,
			);
			buildRules = (
			);
			dependencies = (
			);
			name = "Gym Tracker";
			productName = "Gym Tracker";
			productReference = 7A8B4C861E086D8E0002E37E /* Gym Tracker.app */;
			productType = "com.apple.product-type.application";
		};
/* End PBXNativeTarget section */

/* Begin PBXProject section */
		7A8B4C7E1E086D8E0002E37E /* Project object */ = {
			isa = PBXProject;
			attributes = {
				LastSwiftUpdateCheck = 0810;
				LastUpgradeCheck = 0820;
				ORGANIZATIONNAME = "Axel Nowaczyk";
				TargetAttributes = {
					7A8B4C851E086D8E0002E37E = {
						CreatedOnToolsVersion = 8.1;
						DevelopmentTeam = 42H8FWNPQW;
						ProvisioningStyle = Automatic;
					};
				};
			};
			buildConfigurationList = 7A8B4C811E086D8E0002E37E /* Build configuration list for PBXProject "Gym Tracker" */;
			compatibilityVersion = "Xcode 3.2";
			developmentRegion = English;
			hasScannedForEncodings = 0;
			knownRegions = (
				en,
				Base,
			);
			mainGroup = 7A8B4C7D1E086D8E0002E37E;
			productRefGroup = 7A8B4C871E086D8E0002E37E /* Products */;
			projectDirPath = "";
			projectRoot = "";
			targets = (
				7A8B4C851E086D8E0002E37E /* Gym Tracker */,
			);
		};
/* End PBXProject section */

/* Begin PBXResourcesBuildPhase section */
		7A8B4C841E086D8E0002E37E /* Resources */ = {
			isa = PBXResourcesBuildPhase;
			buildActionMask = 2147483647;
			files = (
				7A3944721E6C2364000942D8 /* AddWorkoutTableViewCell.xib in Resources */,
				7A9FCDC91E749F65007BB941 /* HistoryTableViewHeader.xib in Resources */,
				7AC202121E3B526B00876A9C /* RecentWorkouts.storyboard in Resources */,
				7A8B4C941E086D8E0002E37E /* LaunchScreen.storyboard in Resources */,
				7A8B4C911E086D8E0002E37E /* Assets.xcassets in Resources */,
				7AC202171E3B52AD00876A9C /* Settings.storyboard in Resources */,
				7AC202151E3B529400876A9C /* History.storyboard in Resources */,
				7A8B4C8F1E086D8E0002E37E /* Main.storyboard in Resources */,
			);
			runOnlyForDeploymentPostprocessing = 0;
		};
/* End PBXResourcesBuildPhase section */

/* Begin PBXShellScriptBuildPhase section */
		293751BD4B23DFCAE542E17B /* [CP] Embed Pods Frameworks */ = {
			isa = PBXShellScriptBuildPhase;
			buildActionMask = 2147483647;
			files = (
			);
			inputPaths = (
			);
			name = "[CP] Embed Pods Frameworks";
			outputPaths = (
			);
			runOnlyForDeploymentPostprocessing = 0;
			shellPath = /bin/sh;
			shellScript = "\"${SRCROOT}/Pods/Target Support Files/Pods-Gym Tracker/Pods-Gym Tracker-frameworks.sh\"\n";
			showEnvVarsInLog = 0;
		};
		8091EC13478830199812E40A /* [CP] Copy Pods Resources */ = {
			isa = PBXShellScriptBuildPhase;
			buildActionMask = 2147483647;
			files = (
			);
			inputPaths = (
			);
			name = "[CP] Copy Pods Resources";
			outputPaths = (
			);
			runOnlyForDeploymentPostprocessing = 0;
			shellPath = /bin/sh;
			shellScript = "\"${SRCROOT}/Pods/Target Support Files/Pods-Gym Tracker/Pods-Gym Tracker-resources.sh\"\n";
			showEnvVarsInLog = 0;
		};
		D828BFE6BE553D5D55314D47 /* [CP] Check Pods Manifest.lock */ = {
			isa = PBXShellScriptBuildPhase;
			buildActionMask = 2147483647;
			files = (
			);
			inputPaths = (
			);
			name = "[CP] Check Pods Manifest.lock";
			outputPaths = (
			);
			runOnlyForDeploymentPostprocessing = 0;
			shellPath = /bin/sh;
			shellScript = "diff \"${PODS_ROOT}/../Podfile.lock\" \"${PODS_ROOT}/Manifest.lock\" > /dev/null\nif [ $? != 0 ] ; then\n    # print error to STDERR\n    echo \"error: The sandbox is not in sync with the Podfile.lock. Run 'pod install' or update your CocoaPods installation.\" >&2\n    exit 1\nfi\n";
			showEnvVarsInLog = 0;
		};
/* End PBXShellScriptBuildPhase section */

/* Begin PBXSourcesBuildPhase section */
		7A8B4C821E086D8E0002E37E /* Sources */ = {
			isa = PBXSourcesBuildPhase;
			buildActionMask = 2147483647;
			files = (
				7A8B4CB41E088FC50002E37E /* HistoryTableViewController.swift in Sources */,
				7A9FCDC31E748D47007BB941 /* HistoryUserTableViewCell.swift in Sources */,
				7AE66AE21E2B6AAC00FF458A /* LocalStorageManager.swift in Sources */,
				7A8B4CB01E0888D20002E37E /* WorkoutTableViewController.swift in Sources */,
				7A39446A1E6A04A8000942D8 /* WeightConverter.swift in Sources */,
				7AC2020F1E3B4F8C00876A9C /* Persistence.swift in Sources */,
				7AE5FDCF1E62C1DD00D6F6D6 /* ExorciseProvider.swift in Sources */,
				7AE66AE41E2B6FF500FF458A /* LaunchscreenViewController.swift in Sources */,
				7A8B4CB21E0888F40002E37E /* WorkoutTableViewCell.swift in Sources */,
				7A9FCDC11E747970007BB941 /* MainHistoryViewController.swift in Sources */,
				7A8B4CC21E08A28B0002E37E /* HistoryChartViewController.swift in Sources */,
				7A9E31DC1E2B8B5B004ECF70 /* SettingsTableViewController.swift in Sources */,
				7A9E320B1E2CE15C004ECF70 /* HistoryTableViewCell.swift in Sources */,
				7A1145E01E6E0A6300EC6CBD /* UIView+KeybordHandling.swift in Sources */,
				7A3944711E6C2364000942D8 /* AddWorkoutTableViewCell.swift in Sources */,
				7A9FCDC81E749F65007BB941 /* HistoryTableViewHeader.swift in Sources */,
				7AAC46551E77230A00208FD8 /* SettingsTableViewCell.swift in Sources */,
				7A39446E1E6B478E000942D8 /* SessionManager.swift in Sources */,
				7AE5FDCD1E62C1C300D6F6D6 /* TakeProvider.swift in Sources */,
				7AE5FDD41E63972A00D6F6D6 /* Take+Comparable.swift in Sources */,
				7A1062DE1E154C65009DAE08 /* CoreDataModel.xcdatamodeld in Sources */,
				7AE5FDCB1E62C1AF00D6F6D6 /* SessionProvider.swift in Sources */,
				7A9FCDCB1E74AD2B007BB941 /* DateFormatterUtil.swift in Sources */,
				7AE5FDD81E64B55F00D6F6D6 /* AlertUtil.swift in Sources */,
				7AE66AE91E2B79B500FF458A /* SimpleWorkoutTableViewCell.swift in Sources */,
				7A8B4CBC1E08998E0002E37E /* HistoryExorciseTableViewCell.swift in Sources */,
				7A8B4CB81E0896D70002E37E /* HistoryTabBarController.swift in Sources */,
				7AC2021C1E3F685B00876A9C /* AddWorkoutViewController.swift in Sources */,
				7A8B4C8A1E086D8E0002E37E /* AppDelegate.swift in Sources */,
				7A0F8FBC1E450D0300D172E5 /* ExorciseTableViewCell.swift in Sources */,
				7AE5FDC91E62B80200D6F6D6 /* UserProvider.swift in Sources */,
			);
			runOnlyForDeploymentPostprocessing = 0;
		};
/* End PBXSourcesBuildPhase section */

/* Begin PBXVariantGroup section */
		7A8B4C8D1E086D8E0002E37E /* Main.storyboard */ = {
			isa = PBXVariantGroup;
			children = (
				7A8B4C8E1E086D8E0002E37E /* Base */,
			);
			name = Main.storyboard;
			sourceTree = "<group>";
		};
		7A8B4C921E086D8E0002E37E /* LaunchScreen.storyboard */ = {
			isa = PBXVariantGroup;
			children = (
				7A8B4C931E086D8E0002E37E /* Base */,
			);
			name = LaunchScreen.storyboard;
			sourceTree = "<group>";
		};
		7AC202101E3B526B00876A9C /* RecentWorkouts.storyboard */ = {
			isa = PBXVariantGroup;
			children = (
				7AC202111E3B526B00876A9C /* Base */,
			);
			name = RecentWorkouts.storyboard;
			sourceTree = "<group>";
		};
		7AC202131E3B529400876A9C /* History.storyboard */ = {
			isa = PBXVariantGroup;
			children = (
				7AC202141E3B529400876A9C /* Base */,
			);
			name = History.storyboard;
			sourceTree = "<group>";
		};
/* End PBXVariantGroup section */

/* Begin XCBuildConfiguration section */
		7A8B4C961E086D8E0002E37E /* Debug */ = {
			isa = XCBuildConfiguration;
			buildSettings = {
				ALWAYS_SEARCH_USER_PATHS = NO;
				CLANG_ANALYZER_NONNULL = YES;
				CLANG_CXX_LANGUAGE_STANDARD = "gnu++0x";
				CLANG_CXX_LIBRARY = "libc++";
				CLANG_ENABLE_MODULES = YES;
				CLANG_ENABLE_OBJC_ARC = YES;
				CLANG_WARN_BOOL_CONVERSION = YES;
				CLANG_WARN_CONSTANT_CONVERSION = YES;
				CLANG_WARN_DIRECT_OBJC_ISA_USAGE = YES_ERROR;
				CLANG_WARN_DOCUMENTATION_COMMENTS = YES;
				CLANG_WARN_EMPTY_BODY = YES;
				CLANG_WARN_ENUM_CONVERSION = YES;
				CLANG_WARN_INFINITE_RECURSION = YES;
				CLANG_WARN_INT_CONVERSION = YES;
				CLANG_WARN_OBJC_ROOT_CLASS = YES_ERROR;
				CLANG_WARN_SUSPICIOUS_MOVE = YES;
				CLANG_WARN_SUSPICIOUS_MOVES = YES;
				CLANG_WARN_UNREACHABLE_CODE = YES;
				CLANG_WARN__DUPLICATE_METHOD_MATCH = YES;
				"CODE_SIGN_IDENTITY[sdk=iphoneos*]" = "iPhone Developer";
				COPY_PHASE_STRIP = NO;
				DEBUG_INFORMATION_FORMAT = dwarf;
				ENABLE_STRICT_OBJC_MSGSEND = YES;
				ENABLE_TESTABILITY = YES;
				GCC_C_LANGUAGE_STANDARD = gnu99;
				GCC_DYNAMIC_NO_PIC = NO;
				GCC_NO_COMMON_BLOCKS = YES;
				GCC_OPTIMIZATION_LEVEL = 0;
				GCC_PREPROCESSOR_DEFINITIONS = (
					"DEBUG=1",
					"$(inherited)",
				);
				GCC_WARN_64_TO_32_BIT_CONVERSION = YES;
				GCC_WARN_ABOUT_RETURN_TYPE = YES_ERROR;
				GCC_WARN_UNDECLARED_SELECTOR = YES;
				GCC_WARN_UNINITIALIZED_AUTOS = YES_AGGRESSIVE;
				GCC_WARN_UNUSED_FUNCTION = YES;
				GCC_WARN_UNUSED_VARIABLE = YES;
				IPHONEOS_DEPLOYMENT_TARGET = 10.1;
				MTL_ENABLE_DEBUG_INFO = YES;
				ONLY_ACTIVE_ARCH = YES;
				SDKROOT = iphoneos;
				SWIFT_ACTIVE_COMPILATION_CONDITIONS = DEBUG;
				SWIFT_OPTIMIZATION_LEVEL = "-Onone";
			};
			name = Debug;
		};
		7A8B4C971E086D8E0002E37E /* Release */ = {
			isa = XCBuildConfiguration;
			buildSettings = {
				ALWAYS_SEARCH_USER_PATHS = NO;
				CLANG_ANALYZER_NONNULL = YES;
				CLANG_CXX_LANGUAGE_STANDARD = "gnu++0x";
				CLANG_CXX_LIBRARY = "libc++";
				CLANG_ENABLE_MODULES = YES;
				CLANG_ENABLE_OBJC_ARC = YES;
				CLANG_WARN_BOOL_CONVERSION = YES;
				CLANG_WARN_CONSTANT_CONVERSION = YES;
				CLANG_WARN_DIRECT_OBJC_ISA_USAGE = YES_ERROR;
				CLANG_WARN_DOCUMENTATION_COMMENTS = YES;
				CLANG_WARN_EMPTY_BODY = YES;
				CLANG_WARN_ENUM_CONVERSION = YES;
				CLANG_WARN_INFINITE_RECURSION = YES;
				CLANG_WARN_INT_CONVERSION = YES;
				CLANG_WARN_OBJC_ROOT_CLASS = YES_ERROR;
				CLANG_WARN_SUSPICIOUS_MOVE = YES;
				CLANG_WARN_SUSPICIOUS_MOVES = YES;
				CLANG_WARN_UNREACHABLE_CODE = YES;
				CLANG_WARN__DUPLICATE_METHOD_MATCH = YES;
				"CODE_SIGN_IDENTITY[sdk=iphoneos*]" = "iPhone Developer";
				COPY_PHASE_STRIP = NO;
				DEBUG_INFORMATION_FORMAT = "dwarf-with-dsym";
				ENABLE_NS_ASSERTIONS = NO;
				ENABLE_STRICT_OBJC_MSGSEND = YES;
				GCC_C_LANGUAGE_STANDARD = gnu99;
				GCC_NO_COMMON_BLOCKS = YES;
				GCC_WARN_64_TO_32_BIT_CONVERSION = YES;
				GCC_WARN_ABOUT_RETURN_TYPE = YES_ERROR;
				GCC_WARN_UNDECLARED_SELECTOR = YES;
				GCC_WARN_UNINITIALIZED_AUTOS = YES_AGGRESSIVE;
				GCC_WARN_UNUSED_FUNCTION = YES;
				GCC_WARN_UNUSED_VARIABLE = YES;
				IPHONEOS_DEPLOYMENT_TARGET = 10.1;
				MTL_ENABLE_DEBUG_INFO = NO;
				SDKROOT = iphoneos;
				SWIFT_OPTIMIZATION_LEVEL = "-Owholemodule";
				VALIDATE_PRODUCT = YES;
			};
			name = Release;
		};
		7A8B4C991E086D8E0002E37E /* Debug */ = {
			isa = XCBuildConfiguration;
			baseConfigurationReference = 47A562DDDB5380A5CB1F3306 /* Pods-Gym Tracker.debug.xcconfig */;
			buildSettings = {
				ALWAYS_EMBED_SWIFT_STANDARD_LIBRARIES = YES;
				ASSETCATALOG_COMPILER_APPICON_NAME = AppIcon;
				DEVELOPMENT_TEAM = 42H8FWNPQW;
				INFOPLIST_FILE = "Gym Tracker/Info.plist";
				LD_RUNPATH_SEARCH_PATHS = "$(inherited) @executable_path/Frameworks";
				PRODUCT_BUNDLE_IDENTIFIER = "com.axelnowaczyk.Gym-Tracker";
				PRODUCT_NAME = "$(TARGET_NAME)";
				SWIFT_VERSION = 3.0;
				TARGETED_DEVICE_FAMILY = "1,2";
			};
			name = Debug;
		};
		7A8B4C9A1E086D8E0002E37E /* Release */ = {
			isa = XCBuildConfiguration;
			baseConfigurationReference = B220F520ACE816BE898A6B1E /* Pods-Gym Tracker.release.xcconfig */;
			buildSettings = {
				ALWAYS_EMBED_SWIFT_STANDARD_LIBRARIES = YES;
				ASSETCATALOG_COMPILER_APPICON_NAME = AppIcon;
				DEVELOPMENT_TEAM = 42H8FWNPQW;
				GCC_OPTIMIZATION_LEVEL = 0;
				INFOPLIST_FILE = "Gym Tracker/Info.plist";
				LD_RUNPATH_SEARCH_PATHS = "$(inherited) @executable_path/Frameworks";
				PRODUCT_BUNDLE_IDENTIFIER = "com.axelnowaczyk.Gym-Tracker";
				PRODUCT_NAME = "$(TARGET_NAME)";
				SWIFT_VERSION = 3.0;
				TARGETED_DEVICE_FAMILY = "1,2";
			};
			name = Release;
		};
/* End XCBuildConfiguration section */

/* Begin XCConfigurationList section */
		7A8B4C811E086D8E0002E37E /* Build configuration list for PBXProject "Gym Tracker" */ = {
			isa = XCConfigurationList;
			buildConfigurations = (
				7A8B4C961E086D8E0002E37E /* Debug */,
				7A8B4C971E086D8E0002E37E /* Release */,
			);
			defaultConfigurationIsVisible = 0;
			defaultConfigurationName = Release;
		};
		7A8B4C981E086D8E0002E37E /* Build configuration list for PBXNativeTarget "Gym Tracker" */ = {
			isa = XCConfigurationList;
			buildConfigurations = (
				7A8B4C991E086D8E0002E37E /* Debug */,
				7A8B4C9A1E086D8E0002E37E /* Release */,
			);
			defaultConfigurationIsVisible = 0;
			defaultConfigurationName = Release;
		};
/* End XCConfigurationList section */

/* Begin XCVersionGroup section */
		7A1062DC1E154C65009DAE08 /* CoreDataModel.xcdatamodeld */ = {
			isa = XCVersionGroup;
			children = (
				7A1062DD1E154C65009DAE08 /* CoreDataModel.xcdatamodel */,
			);
			currentVersion = 7A1062DD1E154C65009DAE08 /* CoreDataModel.xcdatamodel */;
			name = CoreDataModel.xcdatamodeld;
			path = CoreData/CoreDataModel.xcdatamodeld;
			sourceTree = "<group>";
			versionGroupType = wrapper.xcdatamodel;
		};
/* End XCVersionGroup section */
	};
	rootObject = 7A8B4C7E1E086D8E0002E37E /* Project object */;
}
